
Microsoft Visual Studio Solution File, Format Version 12.00
# Visual Studio Version 17
VisualStudioVersion = 17.0.31903.59
MinimumVisualStudioVersion = 10.0.40219.1
Project("{FAE04EC0-301F-11D3-BF4B-00C04F79EFBC}") = "EventManager.Tests", "EventManager.Tests\EventManager.Tests.csproj", "{4D3FE1F5-C39D-4490-9430-62C5CF2C5E9A}"
EndProject
Project("{FAE04EC0-301F-11D3-BF4B-00C04F79EFBC}") = "EventManager.IntegrationTests", "EventManager.IntegrationTests\EventManager.IntegrationTests.csproj", "{5FFD4B90-1BC6-4C10-A3DC-7E58E6796A01}"
EndProject
Project("{FAE04EC0-301F-11D3-BF4B-00C04F79EFBC}") = "EventManager.Domain", "EventManager.Domain\EventManager.Domain.csproj", "{39D2C5B7-B5EB-4E72-99BE-0215A7E33BA0}"
EndProject
Project("{FAE04EC0-301F-11D3-BF4B-00C04F79EFBC}") = "EventManager.Application", "EventManager.Application\EventManager.Application.csproj", "{9B44B327-3D83-46BE-BA73-BEF8AA334BD1}"
EndProject
Project("{FAE04EC0-301F-11D3-BF4B-00C04F79EFBC}") = "EventManager.Infrastructure", "EventManager.Infrastructure\EventManager.Infrastructure.csproj", "{48CC5AD6-EC64-41B5-97B0-342FAE612CD4}"
EndProject
Project("{FAE04EC0-301F-11D3-BF4B-00C04F79EFBC}") = "EventManager.Presentation", "EventManager.Presentation\EventManager.Presentation.csproj", "{FE7A35B5-10B8-43C6-A2D9-5ACBA19D0F66}"
EndProject
Project("{2150E333-8FDC-42A3-9474-1A3956D46DE8}") = "Auth", "Auth", "{3E535397-96F5-4D51-AADC-479A162B4479}"
EndProject
Project("{FAE04EC0-301F-11D3-BF4B-00C04F79EFBC}") = "Auth.Domain", "Auth.Domain\Auth.Domain.csproj", "{3DF30EA8-909C-4784-ABCD-1C95B11C27BC}"
EndProject
Project("{FAE04EC0-301F-11D3-BF4B-00C04F79EFBC}") = "Auth.Application", "Auth.Application\Auth.Application.csproj", "{AAC2171A-D788-418E-901A-24A780A603B0}"
EndProject
Project("{FAE04EC0-301F-11D3-BF4B-00C04F79EFBC}") = "Auth.Infrastructure", "Auth.Infrastructure\Auth.Infrastructure.csproj", "{E5D00A62-7551-4D17-B6A3-7118F7F856D1}"
EndProject
Project("{FAE04EC0-301F-11D3-BF4B-00C04F79EFBC}") = "Auth.Presentation", "Auth.Presentation\Auth.Presentation.csproj", "{05A166FC-086E-4755-A158-A3C92D13657D}"
EndProject
Project("{2150E333-8FDC-42A3-9474-1A3956D46DE8}") = "Event", "Event", "{571DDF88-017F-4EC6-AF9D-3CDD9B998E62}"
EndProject
Project("{FAE04EC0-301F-11D3-BF4B-00C04F79EFBC}") = "Event.Domain", "Event.Domain\Event.Domain.csproj", "{FF52AB30-2390-4306-9AD4-2437280C4458}"
EndProject
Project("{FAE04EC0-301F-11D3-BF4B-00C04F79EFBC}") = "Event.Application", "Event.Application\Event.Application.csproj", "{BCDB7D20-EB2A-4B85-9BF0-B9A8EF8ED22A}"
EndProject
Project("{FAE04EC0-301F-11D3-BF4B-00C04F79EFBC}") = "Event.Infrastructure", "Event.Infrastructure\Event.Infrastructure.csproj", "{F1A37BB5-B929-44A2-9A62-6861D5016466}"
EndProject
Project("{FAE04EC0-301F-11D3-BF4B-00C04F79EFBC}") = "Event.Presentation", "Event.Presentation\Event.Presentation.csproj", "{AE2AC310-99D5-4BE0-AB50-6A51938CBF04}"
EndProject
Project("{2150E333-8FDC-42A3-9474-1A3956D46DE8}") = "Booking", "Booking", "{D443518D-20B1-4331-9030-E1DEB6D80915}"
EndProject
Project("{FAE04EC0-301F-11D3-BF4B-00C04F79EFBC}") = "Booking.Domain", "Booking.Domain\Booking.Domain.csproj", "{F4BEE037-3EE1-4AEE-83DD-EF469CDF980C}"
EndProject
Project("{FAE04EC0-301F-11D3-BF4B-00C04F79EFBC}") = "Booking.Application", "Booking.Application\Booking.Application.csproj", "{95352264-10D4-43A5-B2B5-1AB0A0FCBB8E}"
EndProject
Project("{FAE04EC0-301F-11D3-BF4B-00C04F79EFBC}") = "Booking.Infrastructure", "Booking.Infrastructure\Booking.Infrastructure.csproj", "{514373CF-E1EE-490B-994D-71EE8B86671A}"
EndProject
Project("{FAE04EC0-301F-11D3-BF4B-00C04F79EFBC}") = "Booking.Presentation", "Booking.Presentation\Booking.Presentation.csproj", "{519660A9-16B7-4DA1-AC9C-8A48AF58AD90}"
EndProject
Project("{FAE04EC0-301F-11D3-BF4B-00C04F79EFBC}") = "Auth.UnitTests", "Auth.UnitTests\Auth.UnitTests.csproj", "{6B0AEFFA-C733-4742-88D0-EF5914408E14}"
EndProject
Project("{FAE04EC0-301F-11D3-BF4B-00C04F79EFBC}") = "Auth.IntegrationTests", "Auth.IntegrationTests\Auth.IntegrationTests.csproj", "{29272281-8521-40DC-8DEE-2675AD51B0C2}"
EndProject
Project("{FAE04EC0-301F-11D3-BF4B-00C04F79EFBC}") = "Event.UnitTests", "Event.UnitTests\Event.UnitTests.csproj", "{5A4A4220-6BFC-4C98-862A-879834F5E2DC}"
EndProject
Project("{FAE04EC0-301F-11D3-BF4B-00C04F79EFBC}") = "Event.IntegrationTests", "Event.IntegrationTests\Event.IntegrationTests.csproj", "{D4B2FD4C-A4DC-42A0-9895-0B35BC17BC91}"
EndProject
Project("{FAE04EC0-301F-11D3-BF4B-00C04F79EFBC}") = "Booking.UnitTests", "Booking.UnitTests\Booking.UnitTests.csproj", "{1E5D86E2-B625-4BBA-8016-81CC98587BD7}"
EndProject
Project("{FAE04EC0-301F-11D3-BF4B-00C04F79EFBC}") = "Booking.IntegrationTests", "Booking.IntegrationTests\Booking.IntegrationTests.csproj", "{A7ADD1A0-A6D2-4680-84B4-84BEDFA86CA0}"
EndProject
Project("{FAE04EC0-301F-11D3-BF4B-00C04F79EFBC}") = "EventManager.Contracts", "EventManager.Contracts\EventManager.Contracts.csproj", "{49B11902-07FB-4336-B935-970DCD4BCA96}"
EndProject
Global
	GlobalSection(SolutionConfigurationPlatforms) = preSolution
		Debug|Any CPU = Debug|Any CPU
		Debug|x64 = Debug|x64
		Debug|x86 = Debug|x86
		Release|Any CPU = Release|Any CPU
		Release|x64 = Release|x64
		Release|x86 = Release|x86
	EndGlobalSection
	GlobalSection(ProjectConfigurationPlatforms) = postSolution
		{4D3FE1F5-C39D-4490-9430-62C5CF2C5E9A}.Debug|Any CPU.ActiveCfg = Debug|Any CPU
		{4D3FE1F5-C39D-4490-9430-62C5CF2C5E9A}.Debug|Any CPU.Build.0 = Debug|Any CPU
		{4D3FE1F5-C39D-4490-9430-62C5CF2C5E9A}.Debug|x64.ActiveCfg = Debug|Any CPU
		{4D3FE1F5-C39D-4490-9430-62C5CF2C5E9A}.Debug|x64.Build.0 = Debug|Any CPU
		{4D3FE1F5-C39D-4490-9430-62C5CF2C5E9A}.Debug|x86.ActiveCfg = Debug|Any CPU
		{4D3FE1F5-C39D-4490-9430-62C5CF2C5E9A}.Debug|x86.Build.0 = Debug|Any CPU
		{4D3FE1F5-C39D-4490-9430-62C5CF2C5E9A}.Release|Any CPU.ActiveCfg = Release|Any CPU
		{4D3FE1F5-C39D-4490-9430-62C5CF2C5E9A}.Release|Any CPU.Build.0 = Release|Any CPU
		{4D3FE1F5-C39D-4490-9430-62C5CF2C5E9A}.Release|x64.ActiveCfg = Release|Any CPU
		{4D3FE1F5-C39D-4490-9430-62C5CF2C5E9A}.Release|x64.Build.0 = Release|Any CPU
		{4D3FE1F5-C39D-4490-9430-62C5CF2C5E9A}.Release|x86.ActiveCfg = Release|Any CPU
		{4D3FE1F5-C39D-4490-9430-62C5CF2C5E9A}.Release|x86.Build.0 = Release|Any CPU
		{5FFD4B90-1BC6-4C10-A3DC-7E58E6796A01}.Debug|Any CPU.ActiveCfg = Debug|Any CPU
		{5FFD4B90-1BC6-4C10-A3DC-7E58E6796A01}.Debug|Any CPU.Build.0 = Debug|Any CPU
		{5FFD4B90-1BC6-4C10-A3DC-7E58E6796A01}.Debug|x64.ActiveCfg = Debug|Any CPU
		{5FFD4B90-1BC6-4C10-A3DC-7E58E6796A01}.Debug|x64.Build.0 = Debug|Any CPU
		{5FFD4B90-1BC6-4C10-A3DC-7E58E6796A01}.Debug|x86.ActiveCfg = Debug|Any CPU
		{5FFD4B90-1BC6-4C10-A3DC-7E58E6796A01}.Debug|x86.Build.0 = Debug|Any CPU
		{5FFD4B90-1BC6-4C10-A3DC-7E58E6796A01}.Release|Any CPU.ActiveCfg = Release|Any CPU
		{5FFD4B90-1BC6-4C10-A3DC-7E58E6796A01}.Release|Any CPU.Build.0 = Release|Any CPU
		{5FFD4B90-1BC6-4C10-A3DC-7E58E6796A01}.Release|x64.ActiveCfg = Release|Any CPU
		{5FFD4B90-1BC6-4C10-A3DC-7E58E6796A01}.Release|x64.Build.0 = Release|Any CPU
		{5FFD4B90-1BC6-4C10-A3DC-7E58E6796A01}.Release|x86.ActiveCfg = Release|Any CPU
		{5FFD4B90-1BC6-4C10-A3DC-7E58E6796A01}.Release|x86.Build.0 = Release|Any CPU
		{39D2C5B7-B5EB-4E72-99BE-0215A7E33BA0}.Debug|Any CPU.ActiveCfg = Debug|Any CPU
		{39D2C5B7-B5EB-4E72-99BE-0215A7E33BA0}.Debug|Any CPU.Build.0 = Debug|Any CPU
		{39D2C5B7-B5EB-4E72-99BE-0215A7E33BA0}.Debug|x64.ActiveCfg = Debug|Any CPU
		{39D2C5B7-B5EB-4E72-99BE-0215A7E33BA0}.Debug|x64.Build.0 = Debug|Any CPU
		{39D2C5B7-B5EB-4E72-99BE-0215A7E33BA0}.Debug|x86.ActiveCfg = Debug|Any CPU
		{39D2C5B7-B5EB-4E72-99BE-0215A7E33BA0}.Debug|x86.Build.0 = Debug|Any CPU
		{39D2C5B7-B5EB-4E72-99BE-0215A7E33BA0}.Release|Any CPU.ActiveCfg = Release|Any CPU
		{39D2C5B7-B5EB-4E72-99BE-0215A7E33BA0}.Release|Any CPU.Build.0 = Release|Any CPU
		{39D2C5B7-B5EB-4E72-99BE-0215A7E33BA0}.Release|x64.ActiveCfg = Release|Any CPU
		{39D2C5B7-B5EB-4E72-99BE-0215A7E33BA0}.Release|x64.Build.0 = Release|Any CPU
		{39D2C5B7-B5EB-4E72-99BE-0215A7E33BA0}.Release|x86.ActiveCfg = Release|Any CPU
		{39D2C5B7-B5EB-4E72-99BE-0215A7E33BA0}.Release|x86.Build.0 = Release|Any CPU
		{9B44B327-3D83-46BE-BA73-BEF8AA334BD1}.Debug|Any CPU.ActiveCfg = Debug|Any CPU
		{9B44B327-3D83-46BE-BA73-BEF8AA334BD1}.Debug|Any CPU.Build.0 = Debug|Any CPU
		{9B44B327-3D83-46BE-BA73-BEF8AA334BD1}.Debug|x64.ActiveCfg = Debug|Any CPU
		{9B44B327-3D83-46BE-BA73-BEF8AA334BD1}.Debug|x64.Build.0 = Debug|Any CPU
		{9B44B327-3D83-46BE-BA73-BEF8AA334BD1}.Debug|x86.ActiveCfg = Debug|Any CPU
		{9B44B327-3D83-46BE-BA73-BEF8AA334BD1}.Debug|x86.Build.0 = Debug|Any CPU
		{9B44B327-3D83-46BE-BA73-BEF8AA334BD1}.Release|Any CPU.ActiveCfg = Release|Any CPU
		{9B44B327-3D83-46BE-BA73-BEF8AA334BD1}.Release|Any CPU.Build.0 = Release|Any CPU
		{9B44B327-3D83-46BE-BA73-BEF8AA334BD1}.Release|x64.ActiveCfg = Release|Any CPU
		{9B44B327-3D83-46BE-BA73-BEF8AA334BD1}.Release|x64.Build.0 = Release|Any CPU
		{9B44B327-3D83-46BE-BA73-BEF8AA334BD1}.Release|x86.ActiveCfg = Release|Any CPU
		{9B44B327-3D83-46BE-BA73-BEF8AA334BD1}.Release|x86.Build.0 = Release|Any CPU
		{48CC5AD6-EC64-41B5-97B0-342FAE612CD4}.Debug|Any CPU.ActiveCfg = Debug|Any CPU
		{48CC5AD6-EC64-41B5-97B0-342FAE612CD4}.Debug|Any CPU.Build.0 = Debug|Any CPU
		{48CC5AD6-EC64-41B5-97B0-342FAE612CD4}.Debug|x64.ActiveCfg = Debug|Any CPU
		{48CC5AD6-EC64-41B5-97B0-342FAE612CD4}.Debug|x64.Build.0 = Debug|Any CPU
		{48CC5AD6-EC64-41B5-97B0-342FAE612CD4}.Debug|x86.ActiveCfg = Debug|Any CPU
		{48CC5AD6-EC64-41B5-97B0-342FAE612CD4}.Debug|x86.Build.0 = Debug|Any CPU
		{48CC5AD6-EC64-41B5-97B0-342FAE612CD4}.Release|Any CPU.ActiveCfg = Release|Any CPU
		{48CC5AD6-EC64-41B5-97B0-342FAE612CD4}.Release|Any CPU.Build.0 = Release|Any CPU
		{48CC5AD6-EC64-41B5-97B0-342FAE612CD4}.Release|x64.ActiveCfg = Release|Any CPU
		{48CC5AD6-EC64-41B5-97B0-342FAE612CD4}.Release|x64.Build.0 = Release|Any CPU
		{48CC5AD6-EC64-41B5-97B0-342FAE612CD4}.Release|x86.ActiveCfg = Release|Any CPU
		{48CC5AD6-EC64-41B5-97B0-342FAE612CD4}.Release|x86.Build.0 = Release|Any CPU
		{FE7A35B5-10B8-43C6-A2D9-5ACBA19D0F66}.Debug|Any CPU.ActiveCfg = Debug|Any CPU
		{FE7A35B5-10B8-43C6-A2D9-5ACBA19D0F66}.Debug|Any CPU.Build.0 = Debug|Any CPU
		{FE7A35B5-10B8-43C6-A2D9-5ACBA19D0F66}.Debug|x64.ActiveCfg = Debug|Any CPU
		{FE7A35B5-10B8-43C6-A2D9-5ACBA19D0F66}.Debug|x64.Build.0 = Debug|Any CPU
		{FE7A35B5-10B8-43C6-A2D9-5ACBA19D0F66}.Debug|x86.ActiveCfg = Debug|Any CPU
		{FE7A35B5-10B8-43C6-A2D9-5ACBA19D0F66}.Debug|x86.Build.0 = Debug|Any CPU
		{FE7A35B5-10B8-43C6-A2D9-5ACBA19D0F66}.Release|Any CPU.ActiveCfg = Release|Any CPU
		{FE7A35B5-10B8-43C6-A2D9-5ACBA19D0F66}.Release|Any CPU.Build.0 = Release|Any CPU
		{FE7A35B5-10B8-43C6-A2D9-5ACBA19D0F66}.Release|x64.ActiveCfg = Release|Any CPU
		{FE7A35B5-10B8-43C6-A2D9-5ACBA19D0F66}.Release|x64.Build.0 = Release|Any CPU
		{FE7A35B5-10B8-43C6-A2D9-5ACBA19D0F66}.Release|x86.ActiveCfg = Release|Any CPU
		{FE7A35B5-10B8-43C6-A2D9-5ACBA19D0F66}.Release|x86.Build.0 = Release|Any CPU
		{3DF30EA8-909C-4784-ABCD-1C95B11C27BC}.Debug|Any CPU.ActiveCfg = Debug|Any CPU
		{3DF30EA8-909C-4784-ABCD-1C95B11C27BC}.Debug|Any CPU.Build.0 = Debug|Any CPU
		{3DF30EA8-909C-4784-ABCD-1C95B11C27BC}.Debug|x64.ActiveCfg = Debug|Any CPU
		{3DF30EA8-909C-4784-ABCD-1C95B11C27BC}.Debug|x64.Build.0 = Debug|Any CPU
		{3DF30EA8-909C-4784-ABCD-1C95B11C27BC}.Debug|x86.ActiveCfg = Debug|Any CPU
		{3DF30EA8-909C-4784-ABCD-1C95B11C27BC}.Debug|x86.Build.0 = Debug|Any CPU
		{3DF30EA8-909C-4784-ABCD-1C95B11C27BC}.Release|Any CPU.ActiveCfg = Release|Any CPU
		{3DF30EA8-909C-4784-ABCD-1C95B11C27BC}.Release|Any CPU.Build.0 = Release|Any CPU
		{3DF30EA8-909C-4784-ABCD-1C95B11C27BC}.Release|x64.ActiveCfg = Release|Any CPU
		{3DF30EA8-909C-4784-ABCD-1C95B11C27BC}.Release|x64.Build.0 = Release|Any CPU
		{3DF30EA8-909C-4784-ABCD-1C95B11C27BC}.Release|x86.ActiveCfg = Release|Any CPU
		{3DF30EA8-909C-4784-ABCD-1C95B11C27BC}.Release|x86.Build.0 = Release|Any CPU
		{AAC2171A-D788-418E-901A-24A780A603B0}.Debug|Any CPU.ActiveCfg = Debug|Any CPU
		{AAC2171A-D788-418E-901A-24A780A603B0}.Debug|Any CPU.Build.0 = Debug|Any CPU
		{AAC2171A-D788-418E-901A-24A780A603B0}.Debug|x64.ActiveCfg = Debug|Any CPU
		{AAC2171A-D788-418E-901A-24A780A603B0}.Debug|x64.Build.0 = Debug|Any CPU
		{AAC2171A-D788-418E-901A-24A780A603B0}.Debug|x86.ActiveCfg = Debug|Any CPU
		{AAC2171A-D788-418E-901A-24A780A603B0}.Debug|x86.Build.0 = Debug|Any CPU
		{AAC2171A-D788-418E-901A-24A780A603B0}.Release|Any CPU.ActiveCfg = Release|Any CPU
		{AAC2171A-D788-418E-901A-24A780A603B0}.Release|Any CPU.Build.0 = Release|Any CPU
		{AAC2171A-D788-418E-901A-24A780A603B0}.Release|x64.ActiveCfg = Release|Any CPU
		{AAC2171A-D788-418E-901A-24A780A603B0}.Release|x64.Build.0 = Release|Any CPU
		{AAC2171A-D788-418E-901A-24A780A603B0}.Release|x86.ActiveCfg = Release|Any CPU
		{AAC2171A-D788-418E-901A-24A780A603B0}.Release|x86.Build.0 = Release|Any CPU
		{E5D00A62-7551-4D17-B6A3-7118F7F856D1}.Debug|Any CPU.ActiveCfg = Debug|Any CPU
		{E5D00A62-7551-4D17-B6A3-7118F7F856D1}.Debug|Any CPU.Build.0 = Debug|Any CPU
		{E5D00A62-7551-4D17-B6A3-7118F7F856D1}.Debug|x64.ActiveCfg = Debug|Any CPU
		{E5D00A62-7551-4D17-B6A3-7118F7F856D1}.Debug|x64.Build.0 = Debug|Any CPU
		{E5D00A62-7551-4D17-B6A3-7118F7F856D1}.Debug|x86.ActiveCfg = Debug|Any CPU
		{E5D00A62-7551-4D17-B6A3-7118F7F856D1}.Debug|x86.Build.0 = Debug|Any CPU
		{E5D00A62-7551-4D17-B6A3-7118F7F856D1}.Release|Any CPU.ActiveCfg = Release|Any CPU
		{E5D00A62-7551-4D17-B6A3-7118F7F856D1}.Release|Any CPU.Build.0 = Release|Any CPU
		{E5D00A62-7551-4D17-B6A3-7118F7F856D1}.Release|x64.ActiveCfg = Release|Any CPU
		{E5D00A62-7551-4D17-B6A3-7118F7F856D1}.Release|x64.Build.0 = Release|Any CPU
		{E5D00A62-7551-4D17-B6A3-7118F7F856D1}.Release|x86.ActiveCfg = Release|Any CPU
		{E5D00A62-7551-4D17-B6A3-7118F7F856D1}.Release|x86.Build.0 = Release|Any CPU
		{05A166FC-086E-4755-A158-A3C92D13657D}.Debug|Any CPU.ActiveCfg = Debug|Any CPU
		{05A166FC-086E-4755-A158-A3C92D13657D}.Debug|Any CPU.Build.0 = Debug|Any CPU
		{05A166FC-086E-4755-A158-A3C92D13657D}.Debug|x64.ActiveCfg = Debug|Any CPU
		{05A166FC-086E-4755-A158-A3C92D13657D}.Debug|x64.Build.0 = Debug|Any CPU
		{05A166FC-086E-4755-A158-A3C92D13657D}.Debug|x86.ActiveCfg = Debug|Any CPU
		{05A166FC-086E-4755-A158-A3C92D13657D}.Debug|x86.Build.0 = Debug|Any CPU
		{05A166FC-086E-4755-A158-A3C92D13657D}.Release|Any CPU.ActiveCfg = Release|Any CPU
		{05A166FC-086E-4755-A158-A3C92D13657D}.Release|Any CPU.Build.0 = Release|Any CPU
		{05A166FC-086E-4755-A158-A3C92D13657D}.Release|x64.ActiveCfg = Release|Any CPU
		{05A166FC-086E-4755-A158-A3C92D13657D}.Release|x64.Build.0 = Release|Any CPU
		{05A166FC-086E-4755-A158-A3C92D13657D}.Release|x86.ActiveCfg = Release|Any CPU
		{05A166FC-086E-4755-A158-A3C92D13657D}.Release|x86.Build.0 = Release|Any CPU
		{FF52AB30-2390-4306-9AD4-2437280C4458}.Debug|Any CPU.ActiveCfg = Debug|Any CPU
		{FF52AB30-2390-4306-9AD4-2437280C4458}.Debug|Any CPU.Build.0 = Debug|Any CPU
		{FF52AB30-2390-4306-9AD4-2437280C4458}.Debug|x64.ActiveCfg = Debug|Any CPU
		{FF52AB30-2390-4306-9AD4-2437280C4458}.Debug|x64.Build.0 = Debug|Any CPU
		{FF52AB30-2390-4306-9AD4-2437280C4458}.Debug|x86.ActiveCfg = Debug|Any CPU
		{FF52AB30-2390-4306-9AD4-2437280C4458}.Debug|x86.Build.0 = Debug|Any CPU
		{FF52AB30-2390-4306-9AD4-2437280C4458}.Release|Any CPU.ActiveCfg = Release|Any CPU
		{FF52AB30-2390-4306-9AD4-2437280C4458}.Release|Any CPU.Build.0 = Release|Any CPU
		{FF52AB30-2390-4306-9AD4-2437280C4458}.Release|x64.ActiveCfg = Release|Any CPU
		{FF52AB30-2390-4306-9AD4-2437280C4458}.Release|x64.Build.0 = Release|Any CPU
		{FF52AB30-2390-4306-9AD4-2437280C4458}.Release|x86.ActiveCfg = Release|Any CPU
		{FF52AB30-2390-4306-9AD4-2437280C4458}.Release|x86.Build.0 = Release|Any CPU
		{BCDB7D20-EB2A-4B85-9BF0-B9A8EF8ED22A}.Debug|Any CPU.ActiveCfg = Debug|Any CPU
		{BCDB7D20-EB2A-4B85-9BF0-B9A8EF8ED22A}.Debug|Any CPU.Build.0 = Debug|Any CPU
		{BCDB7D20-EB2A-4B85-9BF0-B9A8EF8ED22A}.Debug|x64.ActiveCfg = Debug|Any CPU
		{BCDB7D20-EB2A-4B85-9BF0-B9A8EF8ED22A}.Debug|x64.Build.0 = Debug|Any CPU
		{BCDB7D20-EB2A-4B85-9BF0-B9A8EF8ED22A}.Debug|x86.ActiveCfg = Debug|Any CPU
		{BCDB7D20-EB2A-4B85-9BF0-B9A8EF8ED22A}.Debug|x86.Build.0 = Debug|Any CPU
		{BCDB7D20-EB2A-4B85-9BF0-B9A8EF8ED22A}.Release|Any CPU.ActiveCfg = Release|Any CPU
		{BCDB7D20-EB2A-4B85-9BF0-B9A8EF8ED22A}.Release|Any CPU.Build.0 = Release|Any CPU
		{BCDB7D20-EB2A-4B85-9BF0-B9A8EF8ED22A}.Release|x64.ActiveCfg = Release|Any CPU
		{BCDB7D20-EB2A-4B85-9BF0-B9A8EF8ED22A}.Release|x64.Build.0 = Release|Any CPU
		{BCDB7D20-EB2A-4B85-9BF0-B9A8EF8ED22A}.Release|x86.ActiveCfg = Release|Any CPU
		{BCDB7D20-EB2A-4B85-9BF0-B9A8EF8ED22A}.Release|x86.Build.0 = Release|Any CPU
		{F1A37BB5-B929-44A2-9A62-6861D5016466}.Debug|Any CPU.ActiveCfg = Debug|Any CPU
		{F1A37BB5-B929-44A2-9A62-6861D5016466}.Debug|Any CPU.Build.0 = Debug|Any CPU
		{F1A37BB5-B929-44A2-9A62-6861D5016466}.Debug|x64.ActiveCfg = Debug|Any CPU
		{F1A37BB5-B929-44A2-9A62-6861D5016466}.Debug|x64.Build.0 = Debug|Any CPU
		{F1A37BB5-B929-44A2-9A62-6861D5016466}.Debug|x86.ActiveCfg = Debug|Any CPU
		{F1A37BB5-B929-44A2-9A62-6861D5016466}.Debug|x86.Build.0 = Debug|Any CPU
		{F1A37BB5-B929-44A2-9A62-6861D5016466}.Release|Any CPU.ActiveCfg = Release|Any CPU
		{F1A37BB5-B929-44A2-9A62-6861D5016466}.Release|Any CPU.Build.0 = Release|Any CPU
		{F1A37BB5-B929-44A2-9A62-6861D5016466}.Release|x64.ActiveCfg = Release|Any CPU
		{F1A37BB5-B929-44A2-9A62-6861D5016466}.Release|x64.Build.0 = Release|Any CPU
		{F1A37BB5-B929-44A2-9A62-6861D5016466}.Release|x86.ActiveCfg = Release|Any CPU
		{F1A37BB5-B929-44A2-9A62-6861D5016466}.Release|x86.Build.0 = Release|Any CPU
		{AE2AC310-99D5-4BE0-AB50-6A51938CBF04}.Debug|Any CPU.ActiveCfg = Debug|Any CPU
		{AE2AC310-99D5-4BE0-AB50-6A51938CBF04}.Debug|Any CPU.Build.0 = Debug|Any CPU
		{AE2AC310-99D5-4BE0-AB50-6A51938CBF04}.Debug|x64.ActiveCfg = Debug|Any CPU
		{AE2AC310-99D5-4BE0-AB50-6A51938CBF04}.Debug|x64.Build.0 = Debug|Any CPU
		{AE2AC310-99D5-4BE0-AB50-6A51938CBF04}.Debug|x86.ActiveCfg = Debug|Any CPU
		{AE2AC310-99D5-4BE0-AB50-6A51938CBF04}.Debug|x86.Build.0 = Debug|Any CPU
		{AE2AC310-99D5-4BE0-AB50-6A51938CBF04}.Release|Any CPU.ActiveCfg = Release|Any CPU
		{AE2AC310-99D5-4BE0-AB50-6A51938CBF04}.Release|Any CPU.Build.0 = Release|Any CPU
		{AE2AC310-99D5-4BE0-AB50-6A51938CBF04}.Release|x64.ActiveCfg = Release|Any CPU
		{AE2AC310-99D5-4BE0-AB50-6A51938CBF04}.Release|x64.Build.0 = Release|Any CPU
		{AE2AC310-99D5-4BE0-AB50-6A51938CBF04}.Release|x86.ActiveCfg = Release|Any CPU
		{AE2AC310-99D5-4BE0-AB50-6A51938CBF04}.Release|x86.Build.0 = Release|Any CPU
		{F4BEE037-3EE1-4AEE-83DD-EF469CDF980C}.Debug|Any CPU.ActiveCfg = Debug|Any CPU
		{F4BEE037-3EE1-4AEE-83DD-EF469CDF980C}.Debug|Any CPU.Build.0 = Debug|Any CPU
		{F4BEE037-3EE1-4AEE-83DD-EF469CDF980C}.Debug|x64.ActiveCfg = Debug|Any CPU
		{F4BEE037-3EE1-4AEE-83DD-EF469CDF980C}.Debug|x64.Build.0 = Debug|Any CPU
		{F4BEE037-3EE1-4AEE-83DD-EF469CDF980C}.Debug|x86.ActiveCfg = Debug|Any CPU
		{F4BEE037-3EE1-4AEE-83DD-EF469CDF980C}.Debug|x86.Build.0 = Debug|Any CPU
		{F4BEE037-3EE1-4AEE-83DD-EF469CDF980C}.Release|Any CPU.ActiveCfg = Release|Any CPU
		{F4BEE037-3EE1-4AEE-83DD-EF469CDF980C}.Release|Any CPU.Build.0 = Release|Any CPU
		{F4BEE037-3EE1-4AEE-83DD-EF469CDF980C}.Release|x64.ActiveCfg = Release|Any CPU
		{F4BEE037-3EE1-4AEE-83DD-EF469CDF980C}.Release|x64.Build.0 = Release|Any CPU
		{F4BEE037-3EE1-4AEE-83DD-EF469CDF980C}.Release|x86.ActiveCfg = Release|Any CPU
		{F4BEE037-3EE1-4AEE-83DD-EF469CDF980C}.Release|x86.Build.0 = Release|Any CPU
		{95352264-10D4-43A5-B2B5-1AB0A0FCBB8E}.Debug|Any CPU.ActiveCfg = Debug|Any CPU
		{95352264-10D4-43A5-B2B5-1AB0A0FCBB8E}.Debug|Any CPU.Build.0 = Debug|Any CPU
		{95352264-10D4-43A5-B2B5-1AB0A0FCBB8E}.Debug|x64.ActiveCfg = Debug|Any CPU
		{95352264-10D4-43A5-B2B5-1AB0A0FCBB8E}.Debug|x64.Build.0 = Debug|Any CPU
		{95352264-10D4-43A5-B2B5-1AB0A0FCBB8E}.Debug|x86.ActiveCfg = Debug|Any CPU
		{95352264-10D4-43A5-B2B5-1AB0A0FCBB8E}.Debug|x86.Build.0 = Debug|Any CPU
		{95352264-10D4-43A5-B2B5-1AB0A0FCBB8E}.Release|Any CPU.ActiveCfg = Release|Any CPU
		{95352264-10D4-43A5-B2B5-1AB0A0FCBB8E}.Release|Any CPU.Build.0 = Release|Any CPU
		{95352264-10D4-43A5-B2B5-1AB0A0FCBB8E}.Release|x64.ActiveCfg = Release|Any CPU
		{95352264-10D4-43A5-B2B5-1AB0A0FCBB8E}.Release|x64.Build.0 = Release|Any CPU
		{95352264-10D4-43A5-B2B5-1AB0A0FCBB8E}.Release|x86.ActiveCfg = Release|Any CPU
		{95352264-10D4-43A5-B2B5-1AB0A0FCBB8E}.Release|x86.Build.0 = Release|Any CPU
		{514373CF-E1EE-490B-994D-71EE8B86671A}.Debug|Any CPU.ActiveCfg = Debug|Any CPU
		{514373CF-E1EE-490B-994D-71EE8B86671A}.Debug|Any CPU.Build.0 = Debug|Any CPU
		{514373CF-E1EE-490B-994D-71EE8B86671A}.Debug|x64.ActiveCfg = Debug|Any CPU
		{514373CF-E1EE-490B-994D-71EE8B86671A}.Debug|x64.Build.0 = Debug|Any CPU
		{514373CF-E1EE-490B-994D-71EE8B86671A}.Debug|x86.ActiveCfg = Debug|Any CPU
		{514373CF-E1EE-490B-994D-71EE8B86671A}.Debug|x86.Build.0 = Debug|Any CPU
		{514373CF-E1EE-490B-994D-71EE8B86671A}.Release|Any CPU.ActiveCfg = Release|Any CPU
		{514373CF-E1EE-490B-994D-71EE8B86671A}.Release|Any CPU.Build.0 = Release|Any CPU
		{514373CF-E1EE-490B-994D-71EE8B86671A}.Release|x64.ActiveCfg = Release|Any CPU
		{514373CF-E1EE-490B-994D-71EE8B86671A}.Release|x64.Build.0 = Release|Any CPU
		{514373CF-E1EE-490B-994D-71EE8B86671A}.Release|x86.ActiveCfg = Release|Any CPU
		{514373CF-E1EE-490B-994D-71EE8B86671A}.Release|x86.Build.0 = Release|Any CPU
		{519660A9-16B7-4DA1-AC9C-8A48AF58AD90}.Debug|Any CPU.ActiveCfg = Debug|Any CPU
		{519660A9-16B7-4DA1-AC9C-8A48AF58AD90}.Debug|Any CPU.Build.0 = Debug|Any CPU
		{519660A9-16B7-4DA1-AC9C-8A48AF58AD90}.Debug|x64.ActiveCfg = Debug|Any CPU
		{519660A9-16B7-4DA1-AC9C-8A48AF58AD90}.Debug|x64.Build.0 = Debug|Any CPU
		{519660A9-16B7-4DA1-AC9C-8A48AF58AD90}.Debug|x86.ActiveCfg = Debug|Any CPU
		{519660A9-16B7-4DA1-AC9C-8A48AF58AD90}.Debug|x86.Build.0 = Debug|Any CPU
		{519660A9-16B7-4DA1-AC9C-8A48AF58AD90}.Release|Any CPU.ActiveCfg = Release|Any CPU
		{519660A9-16B7-4DA1-AC9C-8A48AF58AD90}.Release|Any CPU.Build.0 = Release|Any CPU
		{519660A9-16B7-4DA1-AC9C-8A48AF58AD90}.Release|x64.ActiveCfg = Release|Any CPU
		{519660A9-16B7-4DA1-AC9C-8A48AF58AD90}.Release|x64.Build.0 = Release|Any CPU
		{519660A9-16B7-4DA1-AC9C-8A48AF58AD90}.Release|x86.ActiveCfg = Release|Any CPU
		{519660A9-16B7-4DA1-AC9C-8A48AF58AD90}.Release|x86.Build.0 = Release|Any CPU
		{6B0AEFFA-C733-4742-88D0-EF5914408E14}.Debug|Any CPU.ActiveCfg = Debug|Any CPU
		{6B0AEFFA-C733-4742-88D0-EF5914408E14}.Debug|Any CPU.Build.0 = Debug|Any CPU
		{6B0AEFFA-C733-4742-88D0-EF5914408E14}.Debug|x64.ActiveCfg = Debug|Any CPU
		{6B0AEFFA-C733-4742-88D0-EF5914408E14}.Debug|x64.Build.0 = Debug|Any CPU
		{6B0AEFFA-C733-4742-88D0-EF5914408E14}.Debug|x86.ActiveCfg = Debug|Any CPU
		{6B0AEFFA-C733-4742-88D0-EF5914408E14}.Debug|x86.Build.0 = Debug|Any CPU
		{6B0AEFFA-C733-4742-88D0-EF5914408E14}.Release|Any CPU.ActiveCfg = Release|Any CPU
		{6B0AEFFA-C733-4742-88D0-EF5914408E14}.Release|Any CPU.Build.0 = Release|Any CPU
		{6B0AEFFA-C733-4742-88D0-EF5914408E14}.Release|x64.ActiveCfg = Release|Any CPU
		{6B0AEFFA-C733-4742-88D0-EF5914408E14}.Release|x64.Build.0 = Release|Any CPU
		{6B0AEFFA-C733-4742-88D0-EF5914408E14}.Release|x86.ActiveCfg = Release|Any CPU
		{6B0AEFFA-C733-4742-88D0-EF5914408E14}.Release|x86.Build.0 = Release|Any CPU
		{29272281-8521-40DC-8DEE-2675AD51B0C2}.Debug|Any CPU.ActiveCfg = Debug|Any CPU
		{29272281-8521-40DC-8DEE-2675AD51B0C2}.Debug|Any CPU.Build.0 = Debug|Any CPU
		{29272281-8521-40DC-8DEE-2675AD51B0C2}.Debug|x64.ActiveCfg = Debug|Any CPU
		{29272281-8521-40DC-8DEE-2675AD51B0C2}.Debug|x64.Build.0 = Debug|Any CPU
		{29272281-8521-40DC-8DEE-2675AD51B0C2}.Debug|x86.ActiveCfg = Debug|Any CPU
		{29272281-8521-40DC-8DEE-2675AD51B0C2}.Debug|x86.Build.0 = Debug|Any CPU
		{29272281-8521-40DC-8DEE-2675AD51B0C2}.Release|Any CPU.ActiveCfg = Release|Any CPU
		{29272281-8521-40DC-8DEE-2675AD51B0C2}.Release|Any CPU.Build.0 = Release|Any CPU
		{29272281-8521-40DC-8DEE-2675AD51B0C2}.Release|x64.ActiveCfg = Release|Any CPU
		{29272281-8521-40DC-8DEE-2675AD51B0C2}.Release|x64.Build.0 = Release|Any CPU
		{29272281-8521-40DC-8DEE-2675AD51B0C2}.Release|x86.ActiveCfg = Release|Any CPU
		{29272281-8521-40DC-8DEE-2675AD51B0C2}.Release|x86.Build.0 = Release|Any CPU
		{5A4A4220-6BFC-4C98-862A-879834F5E2DC}.Debug|Any CPU.ActiveCfg = Debug|Any CPU
		{5A4A4220-6BFC-4C98-862A-879834F5E2DC}.Debug|Any CPU.Build.0 = Debug|Any CPU
		{5A4A4220-6BFC-4C98-862A-879834F5E2DC}.Debug|x64.ActiveCfg = Debug|Any CPU
		{5A4A4220-6BFC-4C98-862A-879834F5E2DC}.Debug|x64.Build.0 = Debug|Any CPU
		{5A4A4220-6BFC-4C98-862A-879834F5E2DC}.Debug|x86.ActiveCfg = Debug|Any CPU
		{5A4A4220-6BFC-4C98-862A-879834F5E2DC}.Debug|x86.Build.0 = Debug|Any CPU
		{5A4A4220-6BFC-4C98-862A-879834F5E2DC}.Release|Any CPU.ActiveCfg = Release|Any CPU
		{5A4A4220-6BFC-4C98-862A-879834F5E2DC}.Release|Any CPU.Build.0 = Release|Any CPU
		{5A4A4220-6BFC-4C98-862A-879834F5E2DC}.Release|x64.ActiveCfg = Release|Any CPU
		{5A4A4220-6BFC-4C98-862A-879834F5E2DC}.Release|x64.Build.0 = Release|Any CPU
		{5A4A4220-6BFC-4C98-862A-879834F5E2DC}.Release|x86.ActiveCfg = Release|Any CPU
		{5A4A4220-6BFC-4C98-862A-879834F5E2DC}.Release|x86.Build.0 = Release|Any CPU
		{D4B2FD4C-A4DC-42A0-9895-0B35BC17BC91}.Debug|Any CPU.ActiveCfg = Debug|Any CPU
		{D4B2FD4C-A4DC-42A0-9895-0B35BC17BC91}.Debug|Any CPU.Build.0 = Debug|Any CPU
		{D4B2FD4C-A4DC-42A0-9895-0B35BC17BC91}.Debug|x64.ActiveCfg = Debug|Any CPU
		{D4B2FD4C-A4DC-42A0-9895-0B35BC17BC91}.Debug|x64.Build.0 = Debug|Any CPU
		{D4B2FD4C-A4DC-42A0-9895-0B35BC17BC91}.Debug|x86.ActiveCfg = Debug|Any CPU
		{D4B2FD4C-A4DC-42A0-9895-0B35BC17BC91}.Debug|x86.Build.0 = Debug|Any CPU
		{D4B2FD4C-A4DC-42A0-9895-0B35BC17BC91}.Release|Any CPU.ActiveCfg = Release|Any CPU
		{D4B2FD4C-A4DC-42A0-9895-0B35BC17BC91}.Release|Any CPU.Build.0 = Release|Any CPU
		{D4B2FD4C-A4DC-42A0-9895-0B35BC17BC91}.Release|x64.ActiveCfg = Release|Any CPU
		{D4B2FD4C-A4DC-42A0-9895-0B35BC17BC91}.Release|x64.Build.0 = Release|Any CPU
		{D4B2FD4C-A4DC-42A0-9895-0B35BC17BC91}.Release|x86.ActiveCfg = Release|Any CPU
		{D4B2FD4C-A4DC-42A0-9895-0B35BC17BC91}.Release|x86.Build.0 = Release|Any CPU
		{1E5D86E2-B625-4BBA-8016-81CC98587BD7}.Debug|Any CPU.ActiveCfg = Debug|Any CPU
		{1E5D86E2-B625-4BBA-8016-81CC98587BD7}.Debug|Any CPU.Build.0 = Debug|Any CPU
		{1E5D86E2-B625-4BBA-8016-81CC98587BD7}.Debug|x64.ActiveCfg = Debug|Any CPU
		{1E5D86E2-B625-4BBA-8016-81CC98587BD7}.Debug|x64.Build.0 = Debug|Any CPU
		{1E5D86E2-B625-4BBA-8016-81CC98587BD7}.Debug|x86.ActiveCfg = Debug|Any CPU
		{1E5D86E2-B625-4BBA-8016-81CC98587BD7}.Debug|x86.Build.0 = Debug|Any CPU
		{1E5D86E2-B625-4BBA-8016-81CC98587BD7}.Release|Any CPU.ActiveCfg = Release|Any CPU
		{1E5D86E2-B625-4BBA-8016-81CC98587BD7}.Release|Any CPU.Build.0 = Release|Any CPU
		{1E5D86E2-B625-4BBA-8016-81CC98587BD7}.Release|x64.ActiveCfg = Release|Any CPU
		{1E5D86E2-B625-4BBA-8016-81CC98587BD7}.Release|x64.Build.0 = Release|Any CPU
		{1E5D86E2-B625-4BBA-8016-81CC98587BD7}.Release|x86.ActiveCfg = Release|Any CPU
		{1E5D86E2-B625-4BBA-8016-81CC98587BD7}.Release|x86.Build.0 = Release|Any CPU
		{A7ADD1A0-A6D2-4680-84B4-84BEDFA86CA0}.Debug|Any CPU.ActiveCfg = Debug|Any CPU
		{A7ADD1A0-A6D2-4680-84B4-84BEDFA86CA0}.Debug|Any CPU.Build.0 = Debug|Any CPU
		{A7ADD1A0-A6D2-4680-84B4-84BEDFA86CA0}.Debug|x64.ActiveCfg = Debug|Any CPU
		{A7ADD1A0-A6D2-4680-84B4-84BEDFA86CA0}.Debug|x64.Build.0 = Debug|Any CPU
		{A7ADD1A0-A6D2-4680-84B4-84BEDFA86CA0}.Debug|x86.ActiveCfg = Debug|Any CPU
		{A7ADD1A0-A6D2-4680-84B4-84BEDFA86CA0}.Debug|x86.Build.0 = Debug|Any CPU
		{A7ADD1A0-A6D2-4680-84B4-84BEDFA86CA0}.Release|Any CPU.ActiveCfg = Release|Any CPU
		{A7ADD1A0-A6D2-4680-84B4-84BEDFA86CA0}.Release|Any CPU.Build.0 = Release|Any CPU
		{A7ADD1A0-A6D2-4680-84B4-84BEDFA86CA0}.Release|x64.ActiveCfg = Release|Any CPU
		{A7ADD1A0-A6D2-4680-84B4-84BEDFA86CA0}.Release|x64.Build.0 = Release|Any CPU
		{A7ADD1A0-A6D2-4680-84B4-84BEDFA86CA0}.Release|x86.ActiveCfg = Release|Any CPU
		{A7ADD1A0-A6D2-4680-84B4-84BEDFA86CA0}.Release|x86.Build.0 = Release|Any CPU
		{49B11902-07FB-4336-B935-970DCD4BCA96}.Debug|Any CPU.ActiveCfg = Debug|Any CPU
		{49B11902-07FB-4336-B935-970DCD4BCA96}.Debug|Any CPU.Build.0 = Debug|Any CPU
		{49B11902-07FB-4336-B935-970DCD4BCA96}.Debug|x64.ActiveCfg = Debug|Any CPU
		{49B11902-07FB-4336-B935-970DCD4BCA96}.Debug|x64.Build.0 = Debug|Any CPU
		{49B11902-07FB-4336-B935-970DCD4BCA96}.Debug|x86.ActiveCfg = Debug|Any CPU
		{49B11902-07FB-4336-B935-970DCD4BCA96}.Debug|x86.Build.0 = Debug|Any CPU
		{49B11902-07FB-4336-B935-970DCD4BCA96}.Release|Any CPU.ActiveCfg = Release|Any CPU
		{49B11902-07FB-4336-B935-970DCD4BCA96}.Release|Any CPU.Build.0 = Release|Any CPU
		{49B11902-07FB-4336-B935-970DCD4BCA96}.Release|x64.ActiveCfg = Release|Any CPU
		{49B11902-07FB-4336-B935-970DCD4BCA96}.Release|x64.Build.0 = Release|Any CPU
		{49B11902-07FB-4336-B935-970DCD4BCA96}.Release|x86.ActiveCfg = Release|Any CPU
		{49B11902-07FB-4336-B935-970DCD4BCA96}.Release|x86.Build.0 = Release|Any CPU
	EndGlobalSection
	GlobalSection(SolutionProperties) = preSolution
		HideSolutionNode = FALSE
	EndGlobalSection
	GlobalSection(NestedProjects) = preSolution
		{3DF30EA8-909C-4784-ABCD-1C95B11C27BC} = {3E535397-96F5-4D51-AADC-479A162B4479}
		{AAC2171A-D788-418E-901A-24A780A603B0} = {3E535397-96F5-4D51-AADC-479A162B4479}
		{E5D00A62-7551-4D17-B6A3-7118F7F856D1} = {3E535397-96F5-4D51-AADC-479A162B4479}
		{05A166FC-086E-4755-A158-A3C92D13657D} = {3E535397-96F5-4D51-AADC-479A162B4479}
		{FF52AB30-2390-4306-9AD4-2437280C4458} = {571DDF88-017F-4EC6-AF9D-3CDD9B998E62}
		{BCDB7D20-EB2A-4B85-9BF0-B9A8EF8ED22A} = {571DDF88-017F-4EC6-AF9D-3CDD9B998E62}
		{F1A37BB5-B929-44A2-9A62-6861D5016466} = {571DDF88-017F-4EC6-AF9D-3CDD9B998E62}
		{AE2AC310-99D5-4BE0-AB50-6A51938CBF04} = {571DDF88-017F-4EC6-AF9D-3CDD9B998E62}
		{F4BEE037-3EE1-4AEE-83DD-EF469CDF980C} = {D443518D-20B1-4331-9030-E1DEB6D80915}
		{95352264-10D4-43A5-B2B5-1AB0A0FCBB8E} = {D443518D-20B1-4331-9030-E1DEB6D80915}
		{514373CF-E1EE-490B-994D-71EE8B86671A} = {D443518D-20B1-4331-9030-E1DEB6D80915}
		{519660A9-16B7-4DA1-AC9C-8A48AF58AD90} = {D443518D-20B1-4331-9030-E1DEB6D80915}
		{6B0AEFFA-C733-4742-88D0-EF5914408E14} = {3E535397-96F5-4D51-AADC-479A162B4479}
		{29272281-8521-40DC-8DEE-2675AD51B0C2} = {3E535397-96F5-4D51-AADC-479A162B4479}
		{5A4A4220-6BFC-4C98-862A-879834F5E2DC} = {571DDF88-017F-4EC6-AF9D-3CDD9B998E62}
		{D4B2FD4C-A4DC-42A0-9895-0B35BC17BC91} = {571DDF88-017F-4EC6-AF9D-3CDD9B998E62}
		{1E5D86E2-B625-4BBA-8016-81CC98587BD7} = {D443518D-20B1-4331-9030-E1DEB6D80915}
		{A7ADD1A0-A6D2-4680-84B4-84BEDFA86CA0} = {D443518D-20B1-4331-9030-E1DEB6D80915}
	EndGlobalSection
EndGlobal
