
Microsoft Visual Studio Solution File, Format Version 12.00
# Visual Studio Version 17
VisualStudioVersion = 17.0.31903.59
MinimumVisualStudioVersion = 10.0.40219.1
Project("{FAE04EC0-301F-11D3-BF4B-00C04F79EFBC}") = "EventManager", "EventManager\EventManager.csproj", "{5FA89661-44C8-4F6F-8FA2-EB9206DB4705}"
EndProject
Project("{FAE04EC0-301F-11D3-BF4B-00C04F79EFBC}") = "EventManager.Tests", "EventManager.Tests\EventManager.Tests.csproj", "{4D3FE1F5-C39D-4490-9430-62C5CF2C5E9A}"
EndProject
Global
	GlobalSection(SolutionConfigurationPlatforms) = preSolution
		Debug|Any CPU = Debug|Any CPU
		Debug|x64 = Debug|x64
		Debug|x86 = Debug|x86
		Release|Any CPU = Release|Any CPU
		Release|x64 = Release|x64
		Release|x86 = Release|x86
	EndGlobalSection
	GlobalSection(ProjectConfigurationPlatforms) = postSolution
		{5FA89661-44C8-4F6F-8FA2-EB9206DB4705}.Debug|Any CPU.ActiveCfg = Debug|Any CPU
		{5FA89661-44C8-4F6F-8FA2-EB9206DB4705}.Debug|Any CPU.Build.0 = Debug|Any CPU
		{5FA89661-44C8-4F6F-8FA2-EB9206DB4705}.Debug|x64.ActiveCfg = Debug|Any CPU
		{5FA89661-44C8-4F6F-8FA2-EB9206DB4705}.Debug|x64.Build.0 = Debug|Any CPU
		{5FA89661-44C8-4F6F-8FA2-EB9206DB4705}.Debug|x86.ActiveCfg = Debug|Any CPU
		{5FA89661-44C8-4F6F-8FA2-EB9206DB4705}.Debug|x86.Build.0 = Debug|Any CPU
		{5FA89661-44C8-4F6F-8FA2-EB9206DB4705}.Release|Any CPU.ActiveCfg = Release|Any CPU
		{5FA89661-44C8-4F6F-8FA2-EB9206DB4705}.Release|Any CPU.Build.0 = Release|Any CPU
		{5FA89661-44C8-4F6F-8FA2-EB9206DB4705}.Release|x64.ActiveCfg = Release|Any CPU
		{5FA89661-44C8-4F6F-8FA2-EB9206DB4705}.Release|x64.Build.0 = Release|Any CPU
		{5FA89661-44C8-4F6F-8FA2-EB9206DB4705}.Release|x86.ActiveCfg = Release|Any CPU
		{5FA89661-44C8-4F6F-8FA2-EB9206DB4705}.Release|x86.Build.0 = Release|Any CPU
		{4D3FE1F5-C39D-4490-9430-62C5CF2C5E9A}.Debug|Any CPU.ActiveCfg = Debug|Any CPU
		{4D3FE1F5-C39D-4490-9430-62C5CF2C5E9A}.Debug|Any CPU.Build.0 = Debug|Any CPU
		{4D3FE1F5-C39D-4490-9430-62C5CF2C5E9A}.Debug|x64.ActiveCfg = Debug|Any CPU
		{4D3FE1F5-C39D-4490-9430-62C5CF2C5E9A}.Debug|x64.Build.0 = Debug|Any CPU
		{4D3FE1F5-C39D-4490-9430-62C5CF2C5E9A}.Debug|x86.ActiveCfg = Debug|Any CPU
		{4D3FE1F5-C39D-4490-9430-62C5CF2C5E9A}.Debug|x86.Build.0 = Debug|Any CPU
		{4D3FE1F5-C39D-4490-9430-62C5CF2C5E9A}.Release|Any CPU.ActiveCfg = Release|Any CPU
		{4D3FE1F5-C39D-4490-9430-62C5CF2C5E9A}.Release|Any CPU.Build.0 = Release|Any CPU
		{4D3FE1F5-C39D-4490-9430-62C5CF2C5E9A}.Release|x64.ActiveCfg = Release|Any CPU
		{4D3FE1F5-C39D-4490-9430-62C5CF2C5E9A}.Release|x64.Build.0 = Release|Any CPU
		{4D3FE1F5-C39D-4490-9430-62C5CF2C5E9A}.Release|x86.ActiveCfg = Release|Any CPU
		{4D3FE1F5-C39D-4490-9430-62C5CF2C5E9A}.Release|x86.Build.0 = Release|Any CPU
	EndGlobalSection
	GlobalSection(SolutionProperties) = preSolution
		HideSolutionNode = FALSE
	EndGlobalSection
EndGlobal
